
Microsoft Visual Studio Solution File, Format Version 12.00
# Visual Studio Version 17
VisualStudioVersion = 17.4.33213.308
MinimumVisualStudioVersion = 10.0.40219.1
Project("{FAE04EC0-301F-11D3-BF4B-00C04F79EFBC}") = "UserManagementSystem", "UserManagementSystem\UserManagementSystem.csproj", "{849B7C9C-5631-4914-AF28-F97C344736B7}"
EndProject
Global
	GlobalSection(SolutionConfigurationPlatforms) = preSolution
		Debug|Any CPU = Debug|Any CPU
		Release|Any CPU = Release|Any CPU
	EndGlobalSection
	GlobalSection(ProjectConfigurationPlatforms) = postSolution
		{849B7C9C-5631-4914-AF28-F97C344736B7}.Debug|Any CPU.ActiveCfg = Debug|Any CPU
		{849B7C9C-5631-4914-AF28-F97C344736B7}.Debug|Any CPU.Build.0 = Debug|Any CPU
		{849B7C9C-5631-4914-AF28-F97C344736B7}.Release|Any CPU.ActiveCfg = Release|Any CPU
		{849B7C9C-5631-4914-AF28-F97C344736B7}.Release|Any CPU.Build.0 = Release|Any CPU
	EndGlobalSection
	GlobalSection(SolutionProperties) = preSolution
		HideSolutionNode = FALSE
	EndGlobalSection
	GlobalSection(ExtensibilityGlobals) = postSolution
		SolutionGuid = {BA09E279-C8FB-438F-8B1C-4FB2FB01A229}
	EndGlobalSection
EndGlobal
